
Microsoft Visual Studio Solution File, Format Version 12.00
# Visual Studio 15
VisualStudioVersion = 15.0.27703.2035
MinimumVisualStudioVersion = 10.0.40219.1
Project("{FAE04EC0-301F-11D3-BF4B-00C04F79EFBC}") = "Example2", "Example2\Example2.csproj", "{98BE9615-E967-4992-95C6-0E595491772F}"
EndProject
Global
	GlobalSection(SolutionConfigurationPlatforms) = preSolution
		Debug|Any CPU = Debug|Any CPU
		Release|Any CPU = Release|Any CPU
	EndGlobalSection
	GlobalSection(ProjectConfigurationPlatforms) = postSolution
		{98BE9615-E967-4992-95C6-0E595491772F}.Debug|Any CPU.ActiveCfg = Debug|Any CPU
		{98BE9615-E967-4992-95C6-0E595491772F}.Debug|Any CPU.Build.0 = Debug|Any CPU
		{98BE9615-E967-4992-95C6-0E595491772F}.Release|Any CPU.ActiveCfg = Release|Any CPU
		{98BE9615-E967-4992-95C6-0E595491772F}.Release|Any CPU.Build.0 = Release|Any CPU
	EndGlobalSection
	GlobalSection(SolutionProperties) = preSolution
		HideSolutionNode = FALSE
	EndGlobalSection
	GlobalSection(ExtensibilityGlobals) = postSolution
		SolutionGuid = {2A7EF560-5319-4FF5-B444-D18F3F0DB236}
	EndGlobalSection
EndGlobal
