
Microsoft Visual Studio Solution File, Format Version 12.00
# Visual Studio 15
VisualStudioVersion = 15.0.27703.2035
MinimumVisualStudioVersion = 10.0.40219.1
Project("{FAE04EC0-301F-11D3-BF4B-00C04F79EFBC}") = "Example3ReferentType", "Example3ReferentType\Example3ReferentType.csproj", "{C2B3A180-BEF0-48AE-8C17-49772D516F9C}"
EndProject
Global
	GlobalSection(SolutionConfigurationPlatforms) = preSolution
		Debug|Any CPU = Debug|Any CPU
		Release|Any CPU = Release|Any CPU
	EndGlobalSection
	GlobalSection(ProjectConfigurationPlatforms) = postSolution
		{C2B3A180-BEF0-48AE-8C17-49772D516F9C}.Debug|Any CPU.ActiveCfg = Debug|Any CPU
		{C2B3A180-BEF0-48AE-8C17-49772D516F9C}.Debug|Any CPU.Build.0 = Debug|Any CPU
		{C2B3A180-BEF0-48AE-8C17-49772D516F9C}.Release|Any CPU.ActiveCfg = Release|Any CPU
		{C2B3A180-BEF0-48AE-8C17-49772D516F9C}.Release|Any CPU.Build.0 = Release|Any CPU
	EndGlobalSection
	GlobalSection(SolutionProperties) = preSolution
		HideSolutionNode = FALSE
	EndGlobalSection
	GlobalSection(ExtensibilityGlobals) = postSolution
		SolutionGuid = {914FD4B5-A3B4-40C1-8C81-68F9D88CE222}
	EndGlobalSection
EndGlobal
