
Microsoft Visual Studio Solution File, Format Version 12.00
# Visual Studio 15
VisualStudioVersion = 15.0.27703.2035
MinimumVisualStudioVersion = 10.0.40219.1
Project("{FAE04EC0-301F-11D3-BF4B-00C04F79EFBC}") = "Example1", "Example1\Example1.csproj", "{E3E77CF1-52E1-47DB-99E7-DA84C70E857B}"
EndProject
Global
	GlobalSection(SolutionConfigurationPlatforms) = preSolution
		Debug|Any CPU = Debug|Any CPU
		Release|Any CPU = Release|Any CPU
	EndGlobalSection
	GlobalSection(ProjectConfigurationPlatforms) = postSolution
		{E3E77CF1-52E1-47DB-99E7-DA84C70E857B}.Debug|Any CPU.ActiveCfg = Debug|Any CPU
		{E3E77CF1-52E1-47DB-99E7-DA84C70E857B}.Debug|Any CPU.Build.0 = Debug|Any CPU
		{E3E77CF1-52E1-47DB-99E7-DA84C70E857B}.Release|Any CPU.ActiveCfg = Release|Any CPU
		{E3E77CF1-52E1-47DB-99E7-DA84C70E857B}.Release|Any CPU.Build.0 = Release|Any CPU
	EndGlobalSection
	GlobalSection(SolutionProperties) = preSolution
		HideSolutionNode = FALSE
	EndGlobalSection
	GlobalSection(ExtensibilityGlobals) = postSolution
		SolutionGuid = {9532984D-8434-4C58-9457-70879D8FDDAA}
	EndGlobalSection
EndGlobal
