
Microsoft Visual Studio Solution File, Format Version 12.00
# Visual Studio 15
VisualStudioVersion = 15.0.27703.2035
MinimumVisualStudioVersion = 10.0.40219.1
Project("{FAE04EC0-301F-11D3-BF4B-00C04F79EFBC}") = "DaysInMonth", "DaysInMonth\DaysInMonth.csproj", "{0DB2FCAC-86B8-47CC-8B42-FAACA9C2EE66}"
EndProject
Global
	GlobalSection(SolutionConfigurationPlatforms) = preSolution
		Debug|Any CPU = Debug|Any CPU
		Release|Any CPU = Release|Any CPU
	EndGlobalSection
	GlobalSection(ProjectConfigurationPlatforms) = postSolution
		{0DB2FCAC-86B8-47CC-8B42-FAACA9C2EE66}.Debug|Any CPU.ActiveCfg = Debug|Any CPU
		{0DB2FCAC-86B8-47CC-8B42-FAACA9C2EE66}.Debug|Any CPU.Build.0 = Debug|Any CPU
		{0DB2FCAC-86B8-47CC-8B42-FAACA9C2EE66}.Release|Any CPU.ActiveCfg = Release|Any CPU
		{0DB2FCAC-86B8-47CC-8B42-FAACA9C2EE66}.Release|Any CPU.Build.0 = Release|Any CPU
	EndGlobalSection
	GlobalSection(SolutionProperties) = preSolution
		HideSolutionNode = FALSE
	EndGlobalSection
	GlobalSection(ExtensibilityGlobals) = postSolution
		SolutionGuid = {B4D20DD1-C3D7-4DAE-9288-14AADD44C729}
	EndGlobalSection
EndGlobal
