
Microsoft Visual Studio Solution File, Format Version 12.00
# Visual Studio 15
VisualStudioVersion = 15.0.27703.2035
MinimumVisualStudioVersion = 10.0.40219.1
Project("{FAE04EC0-301F-11D3-BF4B-00C04F79EFBC}") = "FullNameGenerator", "FullNameGenerator\FullNameGenerator.csproj", "{D7DE374B-10F6-4338-A478-F7B19A0F0E47}"
EndProject
Global
	GlobalSection(SolutionConfigurationPlatforms) = preSolution
		Debug|Any CPU = Debug|Any CPU
		Release|Any CPU = Release|Any CPU
	EndGlobalSection
	GlobalSection(ProjectConfigurationPlatforms) = postSolution
		{D7DE374B-10F6-4338-A478-F7B19A0F0E47}.Debug|Any CPU.ActiveCfg = Debug|Any CPU
		{D7DE374B-10F6-4338-A478-F7B19A0F0E47}.Debug|Any CPU.Build.0 = Debug|Any CPU
		{D7DE374B-10F6-4338-A478-F7B19A0F0E47}.Release|Any CPU.ActiveCfg = Release|Any CPU
		{D7DE374B-10F6-4338-A478-F7B19A0F0E47}.Release|Any CPU.Build.0 = Release|Any CPU
	EndGlobalSection
	GlobalSection(SolutionProperties) = preSolution
		HideSolutionNode = FALSE
	EndGlobalSection
	GlobalSection(ExtensibilityGlobals) = postSolution
		SolutionGuid = {7BA49D54-1D96-4757-B76F-61DB11BCCAE5}
	EndGlobalSection
EndGlobal
