
Microsoft Visual Studio Solution File, Format Version 12.00
# Visual Studio 15
VisualStudioVersion = 15.0.27703.2035
MinimumVisualStudioVersion = 10.0.40219.1
Project("{FAE04EC0-301F-11D3-BF4B-00C04F79EFBC}") = "GraterNumber", "GraterNumber\GraterNumber.csproj", "{8376B433-5ECE-4CFC-921C-7908CD1EA936}"
EndProject
Global
	GlobalSection(SolutionConfigurationPlatforms) = preSolution
		Debug|Any CPU = Debug|Any CPU
		Release|Any CPU = Release|Any CPU
	EndGlobalSection
	GlobalSection(ProjectConfigurationPlatforms) = postSolution
		{8376B433-5ECE-4CFC-921C-7908CD1EA936}.Debug|Any CPU.ActiveCfg = Debug|Any CPU
		{8376B433-5ECE-4CFC-921C-7908CD1EA936}.Debug|Any CPU.Build.0 = Debug|Any CPU
		{8376B433-5ECE-4CFC-921C-7908CD1EA936}.Release|Any CPU.ActiveCfg = Release|Any CPU
		{8376B433-5ECE-4CFC-921C-7908CD1EA936}.Release|Any CPU.Build.0 = Release|Any CPU
	EndGlobalSection
	GlobalSection(SolutionProperties) = preSolution
		HideSolutionNode = FALSE
	EndGlobalSection
	GlobalSection(ExtensibilityGlobals) = postSolution
		SolutionGuid = {72710D43-F266-46E5-B6DD-51F338CD0783}
	EndGlobalSection
EndGlobal
