
Microsoft Visual Studio Solution File, Format Version 12.00
# Visual Studio 15
VisualStudioVersion = 15.0.27703.2035
MinimumVisualStudioVersion = 10.0.40219.1
Project("{FAE04EC0-301F-11D3-BF4B-00C04F79EFBC}") = "Example", "Example\Example.csproj", "{F34C29B1-9563-462C-97B0-24E129B2D256}"
EndProject
Global
	GlobalSection(SolutionConfigurationPlatforms) = preSolution
		Debug|Any CPU = Debug|Any CPU
		Release|Any CPU = Release|Any CPU
	EndGlobalSection
	GlobalSection(ProjectConfigurationPlatforms) = postSolution
		{F34C29B1-9563-462C-97B0-24E129B2D256}.Debug|Any CPU.ActiveCfg = Debug|Any CPU
		{F34C29B1-9563-462C-97B0-24E129B2D256}.Debug|Any CPU.Build.0 = Debug|Any CPU
		{F34C29B1-9563-462C-97B0-24E129B2D256}.Release|Any CPU.ActiveCfg = Release|Any CPU
		{F34C29B1-9563-462C-97B0-24E129B2D256}.Release|Any CPU.Build.0 = Release|Any CPU
	EndGlobalSection
	GlobalSection(SolutionProperties) = preSolution
		HideSolutionNode = FALSE
	EndGlobalSection
	GlobalSection(ExtensibilityGlobals) = postSolution
		SolutionGuid = {C31B7AA2-CFFC-411C-9F79-AC60DB9C34A4}
	EndGlobalSection
EndGlobal
