
Microsoft Visual Studio Solution File, Format Version 12.00
# Visual Studio 15
VisualStudioVersion = 15.0.27703.2035
MinimumVisualStudioVersion = 10.0.40219.1
Project("{FAE04EC0-301F-11D3-BF4B-00C04F79EFBC}") = "Example2ValueTypes", "Example2ValueTypes\Example2ValueTypes.csproj", "{6AD112C6-C2AA-44E4-ADD5-376AF04A4AEB}"
EndProject
Global
	GlobalSection(SolutionConfigurationPlatforms) = preSolution
		Debug|Any CPU = Debug|Any CPU
		Release|Any CPU = Release|Any CPU
	EndGlobalSection
	GlobalSection(ProjectConfigurationPlatforms) = postSolution
		{6AD112C6-C2AA-44E4-ADD5-376AF04A4AEB}.Debug|Any CPU.ActiveCfg = Debug|Any CPU
		{6AD112C6-C2AA-44E4-ADD5-376AF04A4AEB}.Debug|Any CPU.Build.0 = Debug|Any CPU
		{6AD112C6-C2AA-44E4-ADD5-376AF04A4AEB}.Release|Any CPU.ActiveCfg = Release|Any CPU
		{6AD112C6-C2AA-44E4-ADD5-376AF04A4AEB}.Release|Any CPU.Build.0 = Release|Any CPU
	EndGlobalSection
	GlobalSection(SolutionProperties) = preSolution
		HideSolutionNode = FALSE
	EndGlobalSection
	GlobalSection(ExtensibilityGlobals) = postSolution
		SolutionGuid = {6DF1BD50-5E25-4FF3-A03B-6D284B7167FF}
	EndGlobalSection
EndGlobal
