
Microsoft Visual Studio Solution File, Format Version 12.00
# Visual Studio 15
VisualStudioVersion = 15.0.27703.2035
MinimumVisualStudioVersion = 10.0.40219.1
Project("{FAE04EC0-301F-11D3-BF4B-00C04F79EFBC}") = "NameLastNameSeparation", "NameLastNameSeparation\NameLastNameSeparation.csproj", "{8E2615C8-DF98-49D4-9325-37D988812929}"
EndProject
Global
	GlobalSection(SolutionConfigurationPlatforms) = preSolution
		Debug|Any CPU = Debug|Any CPU
		Release|Any CPU = Release|Any CPU
	EndGlobalSection
	GlobalSection(ProjectConfigurationPlatforms) = postSolution
		{8E2615C8-DF98-49D4-9325-37D988812929}.Debug|Any CPU.ActiveCfg = Debug|Any CPU
		{8E2615C8-DF98-49D4-9325-37D988812929}.Debug|Any CPU.Build.0 = Debug|Any CPU
		{8E2615C8-DF98-49D4-9325-37D988812929}.Release|Any CPU.ActiveCfg = Release|Any CPU
		{8E2615C8-DF98-49D4-9325-37D988812929}.Release|Any CPU.Build.0 = Release|Any CPU
	EndGlobalSection
	GlobalSection(SolutionProperties) = preSolution
		HideSolutionNode = FALSE
	EndGlobalSection
	GlobalSection(ExtensibilityGlobals) = postSolution
		SolutionGuid = {717841D1-E19B-490E-9BF2-95844C4721F6}
	EndGlobalSection
EndGlobal
