
Microsoft Visual Studio Solution File, Format Version 12.00
# Visual Studio 15
VisualStudioVersion = 15.0.27703.2035
MinimumVisualStudioVersion = 10.0.40219.1
Project("{FAE04EC0-301F-11D3-BF4B-00C04F79EFBC}") = "ElseIfExample", "ElseIfExample\ElseIfExample.csproj", "{C532E6F5-ADB0-448D-8342-6C11E6A6E605}"
EndProject
Global
	GlobalSection(SolutionConfigurationPlatforms) = preSolution
		Debug|Any CPU = Debug|Any CPU
		Release|Any CPU = Release|Any CPU
	EndGlobalSection
	GlobalSection(ProjectConfigurationPlatforms) = postSolution
		{C532E6F5-ADB0-448D-8342-6C11E6A6E605}.Debug|Any CPU.ActiveCfg = Debug|Any CPU
		{C532E6F5-ADB0-448D-8342-6C11E6A6E605}.Debug|Any CPU.Build.0 = Debug|Any CPU
		{C532E6F5-ADB0-448D-8342-6C11E6A6E605}.Release|Any CPU.ActiveCfg = Release|Any CPU
		{C532E6F5-ADB0-448D-8342-6C11E6A6E605}.Release|Any CPU.Build.0 = Release|Any CPU
	EndGlobalSection
	GlobalSection(SolutionProperties) = preSolution
		HideSolutionNode = FALSE
	EndGlobalSection
	GlobalSection(ExtensibilityGlobals) = postSolution
		SolutionGuid = {075C3280-8AE6-4CB8-80A6-91E4F2C1A6BF}
	EndGlobalSection
EndGlobal
