
Microsoft Visual Studio Solution File, Format Version 12.00
# Visual Studio 15
VisualStudioVersion = 15.0.27703.2035
MinimumVisualStudioVersion = 10.0.40219.1
Project("{FAE04EC0-301F-11D3-BF4B-00C04F79EFBC}") = "Example 2", "Example 2\Example 2.csproj", "{F59C4732-8EDD-4769-943C-BFDA4A585929}"
EndProject
Global
	GlobalSection(SolutionConfigurationPlatforms) = preSolution
		Debug|Any CPU = Debug|Any CPU
		Release|Any CPU = Release|Any CPU
	EndGlobalSection
	GlobalSection(ProjectConfigurationPlatforms) = postSolution
		{F59C4732-8EDD-4769-943C-BFDA4A585929}.Debug|Any CPU.ActiveCfg = Debug|Any CPU
		{F59C4732-8EDD-4769-943C-BFDA4A585929}.Debug|Any CPU.Build.0 = Debug|Any CPU
		{F59C4732-8EDD-4769-943C-BFDA4A585929}.Release|Any CPU.ActiveCfg = Release|Any CPU
		{F59C4732-8EDD-4769-943C-BFDA4A585929}.Release|Any CPU.Build.0 = Release|Any CPU
	EndGlobalSection
	GlobalSection(SolutionProperties) = preSolution
		HideSolutionNode = FALSE
	EndGlobalSection
	GlobalSection(ExtensibilityGlobals) = postSolution
		SolutionGuid = {663C8605-D4CD-4469-B62E-91F4A588E7A6}
	EndGlobalSection
EndGlobal
